
Microsoft Visual Studio Solution File, Format Version 12.00
# Visual Studio 15
VisualStudioVersion = 15.0.27130.2010
MinimumVisualStudioVersion = 10.0.40219.1
Project("{FAE04EC0-301F-11D3-BF4B-00C04F79EFBC}") = "Task14 - degrees", "Task14 - degrees\Task14 - degrees.csproj", "{808104E1-6CCE-4859-93F4-635720BC9B83}"
EndProject
Global
	GlobalSection(SolutionConfigurationPlatforms) = preSolution
		Debug|Any CPU = Debug|Any CPU
		Release|Any CPU = Release|Any CPU
	EndGlobalSection
	GlobalSection(ProjectConfigurationPlatforms) = postSolution
		{808104E1-6CCE-4859-93F4-635720BC9B83}.Debug|Any CPU.ActiveCfg = Debug|Any CPU
		{808104E1-6CCE-4859-93F4-635720BC9B83}.Debug|Any CPU.Build.0 = Debug|Any CPU
		{808104E1-6CCE-4859-93F4-635720BC9B83}.Release|Any CPU.ActiveCfg = Release|Any CPU
		{808104E1-6CCE-4859-93F4-635720BC9B83}.Release|Any CPU.Build.0 = Release|Any CPU
	EndGlobalSection
	GlobalSection(SolutionProperties) = preSolution
		HideSolutionNode = FALSE
	EndGlobalSection
	GlobalSection(ExtensibilityGlobals) = postSolution
		SolutionGuid = {66D77B2C-2A7A-4FAF-ADEF-0C85CBB3AC30}
	EndGlobalSection
EndGlobal
