
Microsoft Visual Studio Solution File, Format Version 12.00
# Visual Studio 15
VisualStudioVersion = 15.0.27130.2010
MinimumVisualStudioVersion = 10.0.40219.1
Project("{FAE04EC0-301F-11D3-BF4B-00C04F79EFBC}") = "Task21 - 20", "Task21 - 20\Task21 - 20.csproj", "{078503D5-5EEF-4D13-8EB3-868EDB6007B9}"
EndProject
Global
	GlobalSection(SolutionConfigurationPlatforms) = preSolution
		Debug|Any CPU = Debug|Any CPU
		Release|Any CPU = Release|Any CPU
	EndGlobalSection
	GlobalSection(ProjectConfigurationPlatforms) = postSolution
		{078503D5-5EEF-4D13-8EB3-868EDB6007B9}.Debug|Any CPU.ActiveCfg = Debug|Any CPU
		{078503D5-5EEF-4D13-8EB3-868EDB6007B9}.Debug|Any CPU.Build.0 = Debug|Any CPU
		{078503D5-5EEF-4D13-8EB3-868EDB6007B9}.Release|Any CPU.ActiveCfg = Release|Any CPU
		{078503D5-5EEF-4D13-8EB3-868EDB6007B9}.Release|Any CPU.Build.0 = Release|Any CPU
	EndGlobalSection
	GlobalSection(SolutionProperties) = preSolution
		HideSolutionNode = FALSE
	EndGlobalSection
	GlobalSection(ExtensibilityGlobals) = postSolution
		SolutionGuid = {97043460-985C-42D4-BDF9-C6AC088DFD5A}
	EndGlobalSection
EndGlobal
