
Microsoft Visual Studio Solution File, Format Version 12.00
# Visual Studio 15
VisualStudioVersion = 15.0.27130.2010
MinimumVisualStudioVersion = 10.0.40219.1
Project("{FAE04EC0-301F-11D3-BF4B-00C04F79EFBC}") = "Task27 - sum of the digits of an integer", "Task27 - sum of the digits of an integer\Task27 - sum of the digits of an integer.csproj", "{2FA8B5E1-5C53-4160-B980-3EE4DFAE67ED}"
EndProject
Global
	GlobalSection(SolutionConfigurationPlatforms) = preSolution
		Debug|Any CPU = Debug|Any CPU
		Release|Any CPU = Release|Any CPU
	EndGlobalSection
	GlobalSection(ProjectConfigurationPlatforms) = postSolution
		{2FA8B5E1-5C53-4160-B980-3EE4DFAE67ED}.Debug|Any CPU.ActiveCfg = Debug|Any CPU
		{2FA8B5E1-5C53-4160-B980-3EE4DFAE67ED}.Debug|Any CPU.Build.0 = Debug|Any CPU
		{2FA8B5E1-5C53-4160-B980-3EE4DFAE67ED}.Release|Any CPU.ActiveCfg = Release|Any CPU
		{2FA8B5E1-5C53-4160-B980-3EE4DFAE67ED}.Release|Any CPU.Build.0 = Release|Any CPU
	EndGlobalSection
	GlobalSection(SolutionProperties) = preSolution
		HideSolutionNode = FALSE
	EndGlobalSection
	GlobalSection(ExtensibilityGlobals) = postSolution
		SolutionGuid = {068484D4-33B0-4350-BDB5-D97EBC5EDBD9}
	EndGlobalSection
EndGlobal
