
Microsoft Visual Studio Solution File, Format Version 12.00
# Visual Studio 15
VisualStudioVersion = 15.0.27130.2010
MinimumVisualStudioVersion = 10.0.40219.1
Project("{FAE04EC0-301F-11D3-BF4B-00C04F79EFBC}") = "Task9 - average", "Task9 - average\Task9 - average.csproj", "{BE886FA5-5D5B-4317-A384-8437CC800C1C}"
EndProject
Global
	GlobalSection(SolutionConfigurationPlatforms) = preSolution
		Debug|Any CPU = Debug|Any CPU
		Release|Any CPU = Release|Any CPU
	EndGlobalSection
	GlobalSection(ProjectConfigurationPlatforms) = postSolution
		{BE886FA5-5D5B-4317-A384-8437CC800C1C}.Debug|Any CPU.ActiveCfg = Debug|Any CPU
		{BE886FA5-5D5B-4317-A384-8437CC800C1C}.Debug|Any CPU.Build.0 = Debug|Any CPU
		{BE886FA5-5D5B-4317-A384-8437CC800C1C}.Release|Any CPU.ActiveCfg = Release|Any CPU
		{BE886FA5-5D5B-4317-A384-8437CC800C1C}.Release|Any CPU.Build.0 = Release|Any CPU
	EndGlobalSection
	GlobalSection(SolutionProperties) = preSolution
		HideSolutionNode = FALSE
	EndGlobalSection
	GlobalSection(ExtensibilityGlobals) = postSolution
		SolutionGuid = {C9F00ED6-1E34-4715-8C91-B6AA440C1F71}
	EndGlobalSection
EndGlobal
