
Microsoft Visual Studio Solution File, Format Version 12.00
# Visual Studio 15
VisualStudioVersion = 15.0.27130.2010
MinimumVisualStudioVersion = 10.0.40219.1
Project("{FAE04EC0-301F-11D3-BF4B-00C04F79EFBC}") = "Task20 - absolute value", "Task20 - absolute value\Task20 - absolute value.csproj", "{C1087E5B-2E1C-49A5-860B-6641DA52A2F4}"
EndProject
Global
	GlobalSection(SolutionConfigurationPlatforms) = preSolution
		Debug|Any CPU = Debug|Any CPU
		Release|Any CPU = Release|Any CPU
	EndGlobalSection
	GlobalSection(ProjectConfigurationPlatforms) = postSolution
		{C1087E5B-2E1C-49A5-860B-6641DA52A2F4}.Debug|Any CPU.ActiveCfg = Debug|Any CPU
		{C1087E5B-2E1C-49A5-860B-6641DA52A2F4}.Debug|Any CPU.Build.0 = Debug|Any CPU
		{C1087E5B-2E1C-49A5-860B-6641DA52A2F4}.Release|Any CPU.ActiveCfg = Release|Any CPU
		{C1087E5B-2E1C-49A5-860B-6641DA52A2F4}.Release|Any CPU.Build.0 = Release|Any CPU
	EndGlobalSection
	GlobalSection(SolutionProperties) = preSolution
		HideSolutionNode = FALSE
	EndGlobalSection
	GlobalSection(ExtensibilityGlobals) = postSolution
		SolutionGuid = {D2F1DA92-56D9-474B-AAC0-2D96AAACFE79}
	EndGlobalSection
EndGlobal
